// !$*UTF8*$!
{
	archiveVersion = 1;
	classes = {
	};
	objectVersion = 56;
	objects = {

/* Begin PBXBuildFile section */
		B2E4822D2C50F6740016EF9F /* AfricaApp.swift in Sources */ = {isa = PBXBuildFile; fileRef = B2E4822C2C50F6740016EF9F /* AfricaApp.swift */; };
		B2E4822F2C50F6740016EF9F /* ContentView.swift in Sources */ = {isa = PBXBuildFile; fileRef = B2E4822E2C50F6740016EF9F /* ContentView.swift */; };
		B2E482312C50F6750016EF9F /* Assets.xcassets in Resources */ = {isa = PBXBuildFile; fileRef = B2E482302C50F6750016EF9F /* Assets.xcassets */; };
		B2E482342C50F6750016EF9F /* Preview Assets.xcassets in Resources */ = {isa = PBXBuildFile; fileRef = B2E482332C50F6750016EF9F /* Preview Assets.xcassets */; };
		B2E482552C50FB020016EF9F /* covers.json in Resources */ = {isa = PBXBuildFile; fileRef = B2E482512C50FB020016EF9F /* covers.json */; };
		B2E482562C50FB020016EF9F /* locations.json in Resources */ = {isa = PBXBuildFile; fileRef = B2E482522C50FB020016EF9F /* locations.json */; };
		B2E482572C50FB020016EF9F /* animals.json in Resources */ = {isa = PBXBuildFile; fileRef = B2E482532C50FB020016EF9F /* animals.json */; };
		B2E482582C50FB020016EF9F /* videos.json in Resources */ = {isa = PBXBuildFile; fileRef = B2E482542C50FB020016EF9F /* videos.json */; };
		B2E4825C2C5106010016EF9F /* VideoListView.swift in Sources */ = {isa = PBXBuildFile; fileRef = B2E4825B2C5106010016EF9F /* VideoListView.swift */; };
		B2E4825E2C51060D0016EF9F /* MapView.swift in Sources */ = {isa = PBXBuildFile; fileRef = B2E4825D2C51060D0016EF9F /* MapView.swift */; };
		B2E482602C5106230016EF9F /* GalleryView.swift in Sources */ = {isa = PBXBuildFile; fileRef = B2E4825F2C5106230016EF9F /* GalleryView.swift */; };
		B2E482622C5106310016EF9F /* MainView.swift in Sources */ = {isa = PBXBuildFile; fileRef = B2E482612C5106310016EF9F /* MainView.swift */; };
		B2E482652C51083B0016EF9F /* CoverImageView.swift in Sources */ = {isa = PBXBuildFile; fileRef = B2E482642C51083B0016EF9F /* CoverImageView.swift */; };
		B2E482682C510EB20016EF9F /* CoverImageDataModel.swift in Sources */ = {isa = PBXBuildFile; fileRef = B2E482672C510EB20016EF9F /* CoverImageDataModel.swift */; };
		B2E4826B2C510F540016EF9F /* CodableBundleExtension.swift in Sources */ = {isa = PBXBuildFile; fileRef = B2E4826A2C510F540016EF9F /* CodableBundleExtension.swift */; };
		B2E4826D2C5113D80016EF9F /* AnimalListItemView.swift in Sources */ = {isa = PBXBuildFile; fileRef = B2E4826C2C5113D80016EF9F /* AnimalListItemView.swift */; };
		B2E4826F2C5114E50016EF9F /* AnimalModel.swift in Sources */ = {isa = PBXBuildFile; fileRef = B2E4826E2C5114E50016EF9F /* AnimalModel.swift */; };
/* End PBXBuildFile section */

/* Begin PBXFileReference section */
		B2E482292C50F6740016EF9F /* Africa.app */ = {isa = PBXFileReference; explicitFileType = wrapper.application; includeInIndex = 0; path = Africa.app; sourceTree = BUILT_PRODUCTS_DIR; };
		B2E4822C2C50F6740016EF9F /* AfricaApp.swift */ = {isa = PBXFileReference; lastKnownFileType = sourcecode.swift; path = AfricaApp.swift; sourceTree = "<group>"; };
		B2E4822E2C50F6740016EF9F /* ContentView.swift */ = {isa = PBXFileReference; lastKnownFileType = sourcecode.swift; path = ContentView.swift; sourceTree = "<group>"; };
		B2E482302C50F6750016EF9F /* Assets.xcassets */ = {isa = PBXFileReference; lastKnownFileType = folder.assetcatalog; path = Assets.xcassets; sourceTree = "<group>"; };
		B2E482332C50F6750016EF9F /* Preview Assets.xcassets */ = {isa = PBXFileReference; lastKnownFileType = folder.assetcatalog; path = "Preview Assets.xcassets"; sourceTree = "<group>"; };
		B2E482462C50FAD00016EF9F /* lion.mp4 */ = {isa = PBXFileReference; lastKnownFileType = file; path = lion.mp4; sourceTree = "<group>"; };
		B2E482472C50FAD10016EF9F /* ostrich.mp4 */ = {isa = PBXFileReference; lastKnownFileType = file; path = ostrich.mp4; sourceTree = "<group>"; };
		B2E482482C50FAD10016EF9F /* zebra.mp4 */ = {isa = PBXFileReference; lastKnownFileType = file; path = zebra.mp4; sourceTree = "<group>"; };
		B2E482492C50FAD10016EF9F /* elephant.mp4 */ = {isa = PBXFileReference; lastKnownFileType = file; path = elephant.mp4; sourceTree = "<group>"; };
		B2E4824A2C50FAD10016EF9F /* giraffe.mp4 */ = {isa = PBXFileReference; lastKnownFileType = file; path = giraffe.mp4; sourceTree = "<group>"; };
		B2E4824B2C50FAD10016EF9F /* cheetah.mp4 */ = {isa = PBXFileReference; lastKnownFileType = file; path = cheetah.mp4; sourceTree = "<group>"; };
		B2E4824C2C50FAD20016EF9F /* hippo.mp4 */ = {isa = PBXFileReference; lastKnownFileType = file; path = hippo.mp4; sourceTree = "<group>"; };
		B2E4824D2C50FAD20016EF9F /* gorilla.mp4 */ = {isa = PBXFileReference; lastKnownFileType = file; path = gorilla.mp4; sourceTree = "<group>"; };
		B2E4824E2C50FAD20016EF9F /* lioness.mp4 */ = {isa = PBXFileReference; lastKnownFileType = file; path = lioness.mp4; sourceTree = "<group>"; };
		B2E4824F2C50FAD20016EF9F /* rhino.mp4 */ = {isa = PBXFileReference; lastKnownFileType = file; path = rhino.mp4; sourceTree = "<group>"; };
		B2E482512C50FB020016EF9F /* covers.json */ = {isa = PBXFileReference; fileEncoding = 4; lastKnownFileType = text.json; path = covers.json; sourceTree = "<group>"; };
		B2E482522C50FB020016EF9F /* locations.json */ = {isa = PBXFileReference; fileEncoding = 4; lastKnownFileType = text.json; path = locations.json; sourceTree = "<group>"; };
		B2E482532C50FB020016EF9F /* animals.json */ = {isa = PBXFileReference; fileEncoding = 4; lastKnownFileType = text.json; path = animals.json; sourceTree = "<group>"; };
		B2E482542C50FB020016EF9F /* videos.json */ = {isa = PBXFileReference; fileEncoding = 4; lastKnownFileType = text.json; path = videos.json; sourceTree = "<group>"; };
		B2E482592C5104FB0016EF9F /* Info.plist */ = {isa = PBXFileReference; lastKnownFileType = text.plist; path = Info.plist; sourceTree = "<group>"; };
		B2E4825B2C5106010016EF9F /* VideoListView.swift */ = {isa = PBXFileReference; lastKnownFileType = sourcecode.swift; path = VideoListView.swift; sourceTree = "<group>"; };
		B2E4825D2C51060D0016EF9F /* MapView.swift */ = {isa = PBXFileReference; lastKnownFileType = sourcecode.swift; path = MapView.swift; sourceTree = "<group>"; };
		B2E4825F2C5106230016EF9F /* GalleryView.swift */ = {isa = PBXFileReference; lastKnownFileType = sourcecode.swift; path = GalleryView.swift; sourceTree = "<group>"; };
		B2E482612C5106310016EF9F /* MainView.swift */ = {isa = PBXFileReference; lastKnownFileType = sourcecode.swift; path = MainView.swift; sourceTree = "<group>"; };
		B2E482642C51083B0016EF9F /* CoverImageView.swift */ = {isa = PBXFileReference; lastKnownFileType = sourcecode.swift; path = CoverImageView.swift; sourceTree = "<group>"; };
		B2E482672C510EB20016EF9F /* CoverImageDataModel.swift */ = {isa = PBXFileReference; lastKnownFileType = sourcecode.swift; path = CoverImageDataModel.swift; sourceTree = "<group>"; };
		B2E4826A2C510F540016EF9F /* CodableBundleExtension.swift */ = {isa = PBXFileReference; lastKnownFileType = sourcecode.swift; path = CodableBundleExtension.swift; sourceTree = "<group>"; };
		B2E4826C2C5113D80016EF9F /* AnimalListItemView.swift */ = {isa = PBXFileReference; lastKnownFileType = sourcecode.swift; path = AnimalListItemView.swift; sourceTree = "<group>"; };
		B2E4826E2C5114E50016EF9F /* AnimalModel.swift */ = {isa = PBXFileReference; lastKnownFileType = sourcecode.swift; path = AnimalModel.swift; sourceTree = "<group>"; };
/* End PBXFileReference section */

/* Begin PBXFrameworksBuildPhase section */
		B2E482262C50F6740016EF9F /* Frameworks */ = {
			isa = PBXFrameworksBuildPhase;
			buildActionMask = 2147483647;
			files = (
			);
			runOnlyForDeploymentPostprocessing = 0;
		};
/* End PBXFrameworksBuildPhase section */

/* Begin PBXGroup section */
		B2E482202C50F6740016EF9F = {
			isa = PBXGroup;
			children = (
				B2E4822B2C50F6740016EF9F /* Africa */,
				B2E4822A2C50F6740016EF9F /* Products */,
			);
			sourceTree = "<group>";
		};
		B2E4822A2C50F6740016EF9F /* Products */ = {
			isa = PBXGroup;
			children = (
				B2E482292C50F6740016EF9F /* Africa.app */,
			);
			name = Products;
			sourceTree = "<group>";
		};
		B2E4822B2C50F6740016EF9F /* Africa */ = {
			isa = PBXGroup;
			children = (
				B2E482692C510F480016EF9F /* Extensions */,
				B2E482662C510EA10016EF9F /* Model */,
				B2E482632C51082D0016EF9F /* View */,
				B2E4825A2C5105DD0016EF9F /* App */,
				B2E482592C5104FB0016EF9F /* Info.plist */,
				B2E482502C50FAF30016EF9F /* Data */,
				B2E482452C50FABF0016EF9F /* Video */,
				B2E482302C50F6750016EF9F /* Assets.xcassets */,
				B2E482322C50F6750016EF9F /* Preview Content */,
			);
			path = Africa;
			sourceTree = "<group>";
		};
		B2E482322C50F6750016EF9F /* Preview Content */ = {
			isa = PBXGroup;
			children = (
				B2E482332C50F6750016EF9F /* Preview Assets.xcassets */,
			);
			path = "Preview Content";
			sourceTree = "<group>";
		};
		B2E482452C50FABF0016EF9F /* Video */ = {
			isa = PBXGroup;
			children = (
				B2E4824B2C50FAD10016EF9F /* cheetah.mp4 */,
				B2E482492C50FAD10016EF9F /* elephant.mp4 */,
				B2E4824A2C50FAD10016EF9F /* giraffe.mp4 */,
				B2E4824D2C50FAD20016EF9F /* gorilla.mp4 */,
				B2E4824C2C50FAD20016EF9F /* hippo.mp4 */,
				B2E482462C50FAD00016EF9F /* lion.mp4 */,
				B2E4824E2C50FAD20016EF9F /* lioness.mp4 */,
				B2E482472C50FAD10016EF9F /* ostrich.mp4 */,
				B2E4824F2C50FAD20016EF9F /* rhino.mp4 */,
				B2E482482C50FAD10016EF9F /* zebra.mp4 */,
			);
			path = Video;
			sourceTree = "<group>";
		};
		B2E482502C50FAF30016EF9F /* Data */ = {
			isa = PBXGroup;
			children = (
				B2E482532C50FB020016EF9F /* animals.json */,
				B2E482512C50FB020016EF9F /* covers.json */,
				B2E482522C50FB020016EF9F /* locations.json */,
				B2E482542C50FB020016EF9F /* videos.json */,
			);
			path = Data;
			sourceTree = "<group>";
		};
		B2E4825A2C5105DD0016EF9F /* App */ = {
			isa = PBXGroup;
			children = (
				B2E4822C2C50F6740016EF9F /* AfricaApp.swift */,
				B2E4825D2C51060D0016EF9F /* MapView.swift */,
				B2E4825F2C5106230016EF9F /* GalleryView.swift */,
				B2E4822E2C50F6740016EF9F /* ContentView.swift */,
				B2E482612C5106310016EF9F /* MainView.swift */,
				B2E4825B2C5106010016EF9F /* VideoListView.swift */,
			);
			path = App;
			sourceTree = "<group>";
		};
		B2E482632C51082D0016EF9F /* View */ = {
			isa = PBXGroup;
			children = (
				B2E482642C51083B0016EF9F /* CoverImageView.swift */,
				B2E4826C2C5113D80016EF9F /* AnimalListItemView.swift */,
			);
			path = View;
			sourceTree = "<group>";
		};
		B2E482662C510EA10016EF9F /* Model */ = {
			isa = PBXGroup;
			children = (
				B2E482672C510EB20016EF9F /* CoverImageDataModel.swift */,
				B2E4826E2C5114E50016EF9F /* AnimalModel.swift */,
			);
			path = Model;
			sourceTree = "<group>";
		};
		B2E482692C510F480016EF9F /* Extensions */ = {
			isa = PBXGroup;
			children = (
				B2E4826A2C510F540016EF9F /* CodableBundleExtension.swift */,
			);
			path = Extensions;
			sourceTree = "<group>";
		};
/* End PBXGroup section */

/* Begin PBXNativeTarget section */
		B2E482282C50F6740016EF9F /* Africa */ = {
			isa = PBXNativeTarget;
			buildConfigurationList = B2E482372C50F6750016EF9F /* Build configuration list for PBXNativeTarget "Africa" */;
			buildPhases = (
				B2E482252C50F6740016EF9F /* Sources */,
				B2E482262C50F6740016EF9F /* Frameworks */,
				B2E482272C50F6740016EF9F /* Resources */,
			);
			buildRules = (
			);
			dependencies = (
			);
			name = Africa;
			productName = Africa;
			productReference = B2E482292C50F6740016EF9F /* Africa.app */;
			productType = "com.apple.product-type.application";
		};
/* End PBXNativeTarget section */

/* Begin PBXProject section */
		B2E482212C50F6740016EF9F /* Project object */ = {
			isa = PBXProject;
			attributes = {
				BuildIndependentTargetsInParallel = 1;
				LastSwiftUpdateCheck = 1500;
				LastUpgradeCheck = 1500;
				TargetAttributes = {
					B2E482282C50F6740016EF9F = {
						CreatedOnToolsVersion = 15.0.1;
					};
				};
			};
			buildConfigurationList = B2E482242C50F6740016EF9F /* Build configuration list for PBXProject "Africa" */;
			compatibilityVersion = "Xcode 14.0";
			developmentRegion = en;
			hasScannedForEncodings = 0;
			knownRegions = (
				en,
				Base,
			);
			mainGroup = B2E482202C50F6740016EF9F;
			productRefGroup = B2E4822A2C50F6740016EF9F /* Products */;
			projectDirPath = "";
			projectRoot = "";
			targets = (
				B2E482282C50F6740016EF9F /* Africa */,
			);
		};
/* End PBXProject section */

/* Begin PBXResourcesBuildPhase section */
		B2E482272C50F6740016EF9F /* Resources */ = {
			isa = PBXResourcesBuildPhase;
			buildActionMask = 2147483647;
			files = (
				B2E482572C50FB020016EF9F /* animals.json in Resources */,
				B2E482342C50F6750016EF9F /* Preview Assets.xcassets in Resources */,
				B2E482552C50FB020016EF9F /* covers.json in Resources */,
				B2E482562C50FB020016EF9F /* locations.json in Resources */,
				B2E482312C50F6750016EF9F /* Assets.xcassets in Resources */,
				B2E482582C50FB020016EF9F /* videos.json in Resources */,
			);
			runOnlyForDeploymentPostprocessing = 0;
		};
/* End PBXResourcesBuildPhase section */

/* Begin PBXSourcesBuildPhase section */
		B2E482252C50F6740016EF9F /* Sources */ = {
			isa = PBXSourcesBuildPhase;
			buildActionMask = 2147483647;
			files = (
				B2E4822F2C50F6740016EF9F /* ContentView.swift in Sources */,
				B2E4826D2C5113D80016EF9F /* AnimalListItemView.swift in Sources */,
				B2E482682C510EB20016EF9F /* CoverImageDataModel.swift in Sources */,
				B2E482622C5106310016EF9F /* MainView.swift in Sources */,
				B2E482652C51083B0016EF9F /* CoverImageView.swift in Sources */,
				B2E4826F2C5114E50016EF9F /* AnimalModel.swift in Sources */,
				B2E4825E2C51060D0016EF9F /* MapView.swift in Sources */,
				B2E4822D2C50F6740016EF9F /* AfricaApp.swift in Sources */,
				B2E4825C2C5106010016EF9F /* VideoListView.swift in Sources */,
				B2E482602C5106230016EF9F /* GalleryView.swift in Sources */,
				B2E4826B2C510F540016EF9F /* CodableBundleExtension.swift in Sources */,
			);
			runOnlyForDeploymentPostprocessing = 0;
		};
/* End PBXSourcesBuildPhase section */

/* Begin XCBuildConfiguration section */
		B2E482352C50F6750016EF9F /* Debug */ = {
			isa = XCBuildConfiguration;
			buildSettings = {
				ALWAYS_SEARCH_USER_PATHS = NO;
				ASSETCATALOG_COMPILER_GENERATE_SWIFT_ASSET_SYMBOL_EXTENSIONS = YES;
				CLANG_ANALYZER_NONNULL = YES;
				CLANG_ANALYZER_NUMBER_OBJECT_CONVERSION = YES_AGGRESSIVE;
				CLANG_CXX_LANGUAGE_STANDARD = "gnu++20";
				CLANG_ENABLE_MODULES = YES;
				CLANG_ENABLE_OBJC_ARC = YES;
				CLANG_ENABLE_OBJC_WEAK = YES;
				CLANG_WARN_BLOCK_CAPTURE_AUTORELEASING = YES;
				CLANG_WARN_BOOL_CONVERSION = YES;
				CLANG_WARN_COMMA = YES;
				CLANG_WARN_CONSTANT_CONVERSION = YES;
				CLANG_WARN_DEPRECATED_OBJC_IMPLEMENTATIONS = YES;
				CLANG_WARN_DIRECT_OBJC_ISA_USAGE = YES_ERROR;
				CLANG_WARN_DOCUMENTATION_COMMENTS = YES;
				CLANG_WARN_EMPTY_BODY = YES;
				CLANG_WARN_ENUM_CONVERSION = YES;
				CLANG_WARN_INFINITE_RECURSION = YES;
				CLANG_WARN_INT_CONVERSION = YES;
				CLANG_WARN_NON_LITERAL_NULL_CONVERSION = YES;
				CLANG_WARN_OBJC_IMPLICIT_RETAIN_SELF = YES;
				CLANG_WARN_OBJC_LITERAL_CONVERSION = YES;
				CLANG_WARN_OBJC_ROOT_CLASS = YES_ERROR;
				CLANG_WARN_QUOTED_INCLUDE_IN_FRAMEWORK_HEADER = YES;
				CLANG_WARN_RANGE_LOOP_ANALYSIS = YES;
				CLANG_WARN_STRICT_PROTOTYPES = YES;
				CLANG_WARN_SUSPICIOUS_MOVE = YES;
				CLANG_WARN_UNGUARDED_AVAILABILITY = YES_AGGRESSIVE;
				CLANG_WARN_UNREACHABLE_CODE = YES;
				CLANG_WARN__DUPLICATE_METHOD_MATCH = YES;
				COPY_PHASE_STRIP = NO;
				DEBUG_INFORMATION_FORMAT = dwarf;
				ENABLE_STRICT_OBJC_MSGSEND = YES;
				ENABLE_TESTABILITY = YES;
				ENABLE_USER_SCRIPT_SANDBOXING = YES;
				GCC_C_LANGUAGE_STANDARD = gnu17;
				GCC_DYNAMIC_NO_PIC = NO;
				GCC_NO_COMMON_BLOCKS = YES;
				GCC_OPTIMIZATION_LEVEL = 0;
				GCC_PREPROCESSOR_DEFINITIONS = (
					"DEBUG=1",
					"$(inherited)",
				);
				GCC_WARN_64_TO_32_BIT_CONVERSION = YES;
				GCC_WARN_ABOUT_RETURN_TYPE = YES_ERROR;
				GCC_WARN_UNDECLARED_SELECTOR = YES;
				GCC_WARN_UNINITIALIZED_AUTOS = YES_AGGRESSIVE;
				GCC_WARN_UNUSED_FUNCTION = YES;
				GCC_WARN_UNUSED_VARIABLE = YES;
				IPHONEOS_DEPLOYMENT_TARGET = 17.0;
				LOCALIZATION_PREFERS_STRING_CATALOGS = YES;
				MTL_ENABLE_DEBUG_INFO = INCLUDE_SOURCE;
				MTL_FAST_MATH = YES;
				ONLY_ACTIVE_ARCH = YES;
				SDKROOT = iphoneos;
				SWIFT_ACTIVE_COMPILATION_CONDITIONS = "DEBUG $(inherited)";
				SWIFT_OPTIMIZATION_LEVEL = "-Onone";
			};
			name = Debug;
		};
		B2E482362C50F6750016EF9F /* Release */ = {
			isa = XCBuildConfiguration;
			buildSettings = {
				ALWAYS_SEARCH_USER_PATHS = NO;
				ASSETCATALOG_COMPILER_GENERATE_SWIFT_ASSET_SYMBOL_EXTENSIONS = YES;
				CLANG_ANALYZER_NONNULL = YES;
				CLANG_ANALYZER_NUMBER_OBJECT_CONVERSION = YES_AGGRESSIVE;
				CLANG_CXX_LANGUAGE_STANDARD = "gnu++20";
				CLANG_ENABLE_MODULES = YES;
				CLANG_ENABLE_OBJC_ARC = YES;
				CLANG_ENABLE_OBJC_WEAK = YES;
				CLANG_WARN_BLOCK_CAPTURE_AUTORELEASING = YES;
				CLANG_WARN_BOOL_CONVERSION = YES;
				CLANG_WARN_COMMA = YES;
				CLANG_WARN_CONSTANT_CONVERSION = YES;
				CLANG_WARN_DEPRECATED_OBJC_IMPLEMENTATIONS = YES;
				CLANG_WARN_DIRECT_OBJC_ISA_USAGE = YES_ERROR;
				CLANG_WARN_DOCUMENTATION_COMMENTS = YES;
				CLANG_WARN_EMPTY_BODY = YES;
				CLANG_WARN_ENUM_CONVERSION = YES;
				CLANG_WARN_INFINITE_RECURSION = YES;
				CLANG_WARN_INT_CONVERSION = YES;
				CLANG_WARN_NON_LITERAL_NULL_CONVERSION = YES;
				CLANG_WARN_OBJC_IMPLICIT_RETAIN_SELF = YES;
				CLANG_WARN_OBJC_LITERAL_CONVERSION = YES;
				CLANG_WARN_OBJC_ROOT_CLASS = YES_ERROR;
				CLANG_WARN_QUOTED_INCLUDE_IN_FRAMEWORK_HEADER = YES;
				CLANG_WARN_RANGE_LOOP_ANALYSIS = YES;
				CLANG_WARN_STRICT_PROTOTYPES = YES;
				CLANG_WARN_SUSPICIOUS_MOVE = YES;
				CLANG_WARN_UNGUARDED_AVAILABILITY = YES_AGGRESSIVE;
				CLANG_WARN_UNREACHABLE_CODE = YES;
				CLANG_WARN__DUPLICATE_METHOD_MATCH = YES;
				COPY_PHASE_STRIP = NO;
				DEBUG_INFORMATION_FORMAT = "dwarf-with-dsym";
				ENABLE_NS_ASSERTIONS = NO;
				ENABLE_STRICT_OBJC_MSGSEND = YES;
				ENABLE_USER_SCRIPT_SANDBOXING = YES;
				GCC_C_LANGUAGE_STANDARD = gnu17;
				GCC_NO_COMMON_BLOCKS = YES;
				GCC_WARN_64_TO_32_BIT_CONVERSION = YES;
				GCC_WARN_ABOUT_RETURN_TYPE = YES_ERROR;
				GCC_WARN_UNDECLARED_SELECTOR = YES;
				GCC_WARN_UNINITIALIZED_AUTOS = YES_AGGRESSIVE;
				GCC_WARN_UNUSED_FUNCTION = YES;
				GCC_WARN_UNUSED_VARIABLE = YES;
				IPHONEOS_DEPLOYMENT_TARGET = 17.0;
				LOCALIZATION_PREFERS_STRING_CATALOGS = YES;
				MTL_ENABLE_DEBUG_INFO = NO;
				MTL_FAST_MATH = YES;
				SDKROOT = iphoneos;
				SWIFT_COMPILATION_MODE = wholemodule;
				VALIDATE_PRODUCT = YES;
			};
			name = Release;
		};
		B2E482382C50F6750016EF9F /* Debug */ = {
			isa = XCBuildConfiguration;
			buildSettings = {
				ASSETCATALOG_COMPILER_APPICON_NAME = AppIcon;
				ASSETCATALOG_COMPILER_GLOBAL_ACCENT_COLOR_NAME = AccentColor;
				CODE_SIGN_STYLE = Automatic;
				CURRENT_PROJECT_VERSION = 1;
				DEVELOPMENT_ASSET_PATHS = "\"Africa/Preview Content\"";
				ENABLE_PREVIEWS = YES;
				GENERATE_INFOPLIST_FILE = YES;
				INFOPLIST_FILE = Africa/Info.plist;
				INFOPLIST_KEY_UIApplicationSceneManifest_Generation = YES;
				INFOPLIST_KEY_UIApplicationSupportsIndirectInputEvents = YES;
				INFOPLIST_KEY_UISupportedInterfaceOrientations_iPad = "UIInterfaceOrientationPortrait UIInterfaceOrientationPortraitUpsideDown UIInterfaceOrientationLandscapeLeft UIInterfaceOrientationLandscapeRight";
				INFOPLIST_KEY_UISupportedInterfaceOrientations_iPhone = "UIInterfaceOrientationPortrait UIInterfaceOrientationLandscapeLeft UIInterfaceOrientationLandscapeRight";
				INFOPLIST_KEY_UIUserInterfaceStyle = Dark;
				LD_RUNPATH_SEARCH_PATHS = (
					"$(inherited)",
					"@executable_path/Frameworks",
				);
				MARKETING_VERSION = 1.0;
				PRODUCT_BUNDLE_IDENTIFIER = LearnerMinds.Africa;
				PRODUCT_NAME = "$(TARGET_NAME)";
				SWIFT_EMIT_LOC_STRINGS = YES;
				SWIFT_VERSION = 5.0;
				TARGETED_DEVICE_FAMILY = "1,2";
			};
			name = Debug;
		};
		B2E482392C50F6750016EF9F /* Release */ = {
			isa = XCBuildConfiguration;
			buildSettings = {
				ASSETCATALOG_COMPILER_APPICON_NAME = AppIcon;
				ASSETCATALOG_COMPILER_GLOBAL_ACCENT_COLOR_NAME = AccentColor;
				CODE_SIGN_STYLE = Automatic;
				CURRENT_PROJECT_VERSION = 1;
				DEVELOPMENT_ASSET_PATHS = "\"Africa/Preview Content\"";
				ENABLE_PREVIEWS = YES;
				GENERATE_INFOPLIST_FILE = YES;
				INFOPLIST_FILE = Africa/Info.plist;
				INFOPLIST_KEY_UIApplicationSceneManifest_Generation = YES;
				INFOPLIST_KEY_UIApplicationSupportsIndirectInputEvents = YES;
				INFOPLIST_KEY_UISupportedInterfaceOrientations_iPad = "UIInterfaceOrientationPortrait UIInterfaceOrientationPortraitUpsideDown UIInterfaceOrientationLandscapeLeft UIInterfaceOrientationLandscapeRight";
				INFOPLIST_KEY_UISupportedInterfaceOrientations_iPhone = "UIInterfaceOrientationPortrait UIInterfaceOrientationLandscapeLeft UIInterfaceOrientationLandscapeRight";
				INFOPLIST_KEY_UIUserInterfaceStyle = Dark;
				LD_RUNPATH_SEARCH_PATHS = (
					"$(inherited)",
					"@executable_path/Frameworks",
				);
				MARKETING_VERSION = 1.0;
				PRODUCT_BUNDLE_IDENTIFIER = LearnerMinds.Africa;
				PRODUCT_NAME = "$(TARGET_NAME)";
				SWIFT_EMIT_LOC_STRINGS = YES;
				SWIFT_VERSION = 5.0;
				TARGETED_DEVICE_FAMILY = "1,2";
			};
			name = Release;
		};
/* End XCBuildConfiguration section */

/* Begin XCConfigurationList section */
		B2E482242C50F6740016EF9F /* Build configuration list for PBXProject "Africa" */ = {
			isa = XCConfigurationList;
			buildConfigurations = (
				B2E482352C50F6750016EF9F /* Debug */,
				B2E482362C50F6750016EF9F /* Release */,
			);
			defaultConfigurationIsVisible = 0;
			defaultConfigurationName = Release;
		};
		B2E482372C50F6750016EF9F /* Build configuration list for PBXNativeTarget "Africa" */ = {
			isa = XCConfigurationList;
			buildConfigurations = (
				B2E482382C50F6750016EF9F /* Debug */,
				B2E482392C50F6750016EF9F /* Release */,
			);
			defaultConfigurationIsVisible = 0;
			defaultConfigurationName = Release;
		};
/* End XCConfigurationList section */
	};
	rootObject = B2E482212C50F6740016EF9F /* Project object */;
}
